{
  "version": 4,
  "terraform_version": "1.5.3",
  "serial": 8,
  "lineage": "da90ef8b-6388-4f29-0a19-c7c173977998",
  "outputs": {
    "devops_op_trainer": {
      "value": "Manish",
      "type": "string"
    }
  },
  "resources": [
    {
      "mode": "managed",
      "type": "local_file",
      "name": "devops",
      "provider": "provider[\"registry.terraform.io/hashicorp/local\"]",
      "instances": [
        {
          "schema_version": 0,
          "attributes": {
            "content": "This is my first file",
            "content_base64": null,
            "content_base64sha256": "LxsbkTyjgq2PmS7GoY7O36L82P8hsKIidhSnvZTCPS0=",
            "content_base64sha512": "Y/zw8cckIWFRYukGv9qmImh8Qk+h/rscP21F44NGtcHzs+JDbM/VLnDWztZIBGBntyHMDbNvx8AIIofI7KWWIw==",
            "content_md5": "c52907e2c730f0a7fb07fda1bdd78e52",
            "content_sha1": "ddfefcbe1e971972ae2c63028dd0d07ff596beee",
            "content_sha256": "2f1b1b913ca382ad8f992ec6a18ecedfa2fcd8ff21b0a2227614a7bd94c23d2d",
            "content_sha512": "63fcf0f1c72421615162e906bfdaa622687c424fa1febb1c3f6d45e38346b5c1f3b3e2436ccfd52e70d6ced648046067b721cc0db36fc7c0082287c8eca59623",
            "directory_permission": "0777",
            "file_permission": "0777",
            "filename": "/home/ubuntu/terrraform-course/terraform-variables/variables.txt",
            "id": "ddfefcbe1e971972ae2c63028dd0d07ff596beee",
            "sensitive_content": null,
            "source": null
          },
          "sensitive_attributes": []
        }
      ]
    },
    {
      "mode": "managed",
      "type": "local_file",
      "name": "devops-var",
      "provider": "provider[\"registry.terraform.io/hashicorp/local\"]",
      "instances": [
        {
          "schema_version": 0,
          "attributes": {
            "content": "Autogenerated",
            "content_base64": null,
            "content_base64sha256": "+uSrZEeRXKN3SbG+loOS6uIjLZs0gG6gKQM78PzkZoo=",
            "content_base64sha512": "X0y546R3STQFlysFH187ajoBSl99LLq2R6Dn+T4Xnm/4rV/fFkjqHBSfqTlT9i6+FoPZORnpfPv/C3Wp2OJIOA==",
            "content_md5": "022f4d7d8685a244578e13b3b5c5121f",
            "content_sha1": "bde215d27b84582312494a3e78ea56b942a4b020",
            "content_sha256": "fae4ab6447915ca37749b1be968392eae2232d9b34806ea029033bf0fce4668a",
            "content_sha512": "5f4cb9e3a477493405972b051f5f3b6a3a014a5f7d2cbab647a0e7f93e179e6ff8ad5fdf1648ea1c149fa93953f62ebe1683d93919e97cfbff0b75a9d8e24838",
            "directory_permission": "0777",
            "file_permission": "0777",
            "filename": "/home/ubuntu/terrraform-course/terraform-variables/devops-automated.txt",
            "id": "bde215d27b84582312494a3e78ea56b942a4b020",
            "sensitive_content": null,
            "source": null
          },
          "sensitive_attributes": []
        }
      ]
    }
  ],
  "check_results": null
}
