{
  "version": 4,
  "terraform_version": "1.5.3",
  "serial": 20,
  "lineage": "da90ef8b-6388-4f29-0a19-c7c173977998",
  "outputs": {
    "aws_ec2_instances": {
      "value": 4,
      "type": "number"
    },
    "devops_op_trainer": {
      "value": "Tanish",
      "type": "string"
    }
  },
  "resources": [
    {
      "mode": "managed",
      "type": "local_file",
      "name": "devops",
      "provider": "provider[\"registry.terraform.io/hashicorp/local\"]",
      "instances": [
        {
          "schema_version": 0,
          "attributes": {
            "content": "THis is first file",
            "content_base64": null,
            "content_base64sha256": "xRZ1CxpQfxRd2GqzDfcLebGLcbKD5ah9S85AAWQh0VY=",
            "content_base64sha512": "CXLyHSjZfbRzd+x5sNG/WLvMAdjYgOujyvbpBfNdxijV2rDvr0R7ua8Trirger5KyCHNVqo4d+zZym5KMB+KTw==",
            "content_md5": "38ba2e298fcc563e59f3ab740a48aea3",
            "content_sha1": "72ee9d026637b86c38bec5de585957934095c5d6",
            "content_sha256": "c516750b1a507f145dd86ab30df70b79b18b71b283e5a87d4bce40016421d156",
            "content_sha512": "0972f21d28d97db47377ec79b0d1bf58bbcc01d8d880eba3caf6e905f35dc628d5dab0efaf447bb9af13ae2ae07abe4ac821cd56aa3877ecd9ca6e4a301f8a4f",
            "directory_permission": "0777",
            "file_permission": "0777",
            "filename": "/home/ubuntu/terrraform-course/terraform-variables/file_1.txt",
            "id": "72ee9d026637b86c38bec5de585957934095c5d6",
            "sensitive_content": null,
            "source": null
          },
          "sensitive_attributes": []
        }
      ]
    },
    {
      "mode": "managed",
      "type": "local_file",
      "name": "devops-var",
      "provider": "provider[\"registry.terraform.io/hashicorp/local\"]",
      "instances": [
        {
          "schema_version": 0,
          "attributes": {
            "content": "this is second one",
            "content_base64": null,
            "content_base64sha256": "hB662YD5OBLWpbTtsjRCCXvs2SW43m5WPnoOPlAEYhY=",
            "content_base64sha512": "PlPishla0XdpKAme+g8RNeTKJR6bKZjpaxASMJNNpHntkUyoa8wUMYLq7MrU8LZt54JhQ0DoGmVG8S0RF5Pf8Q==",
            "content_md5": "51da388f90edeb4fec28a77fe2cccb66",
            "content_sha1": "645721446f0a0e3a3638bc63d87040b8a175c3bc",
            "content_sha256": "841ebad980f93812d6a5b4edb23442097becd925b8de6e563e7a0e3e50046216",
            "content_sha512": "3e53e2b2195ad1776928099efa0f1135e4ca251e9b2998e96b101230934da479ed914ca86bcc143182eaeccad4f0b66de782614340e81a6546f12d111793dff1",
            "directory_permission": "0777",
            "file_permission": "0777",
            "filename": "/home/ubuntu/terrraform-course/terraform-variables/file_2.txt",
            "id": "645721446f0a0e3a3638bc63d87040b8a175c3bc",
            "sensitive_content": null,
            "source": null
          },
          "sensitive_attributes": []
        }
      ]
    }
  ],
  "check_results": null
}
